{
  "nodes": {
    "nixpkgs": {
      "locked": {
        "lastModified": 1727619874,
        "narHash": "sha256-a4Jcd+vjQAzF675/7B1LN3U2ay22jfDAVA8pOml5J/0=",
        "owner": "nixos",
        "repo": "nixpkgs",
        "rev": "6710d0dd013f55809648dfb1265b8f85447d30a6",
        "type": "github"
      },
      "original": {
        "owner": "nixos",
        "ref": "6710d0dd013f55809648dfb1265b8f85447d30a6",
        "repo": "nixpkgs",
        "type": "github"
      }
    },
    "root": {
      "inputs": {
        "nixpkgs": "nixpkgs"
      }
    }
  },
  "root": "root",
  "version": 7
}
